
Microsoft Visual Studio Solution File, Format Version 12.00
Project("{FAE04EC0-301F-11D3-BF4B-00C04F79EFBC}") = "SpringHeroBank", "SpringHeroBank\SpringHeroBank.csproj", "{03BD8896-C9DD-47D9-A3AB-23648C1DE5DA}"
EndProject
Global
	GlobalSection(SolutionConfigurationPlatforms) = preSolution
		Debug|Any CPU = Debug|Any CPU
		Release|Any CPU = Release|Any CPU
	EndGlobalSection
	GlobalSection(ProjectConfigurationPlatforms) = postSolution
		{03BD8896-C9DD-47D9-A3AB-23648C1DE5DA}.Debug|Any CPU.ActiveCfg = Debug|Any CPU
		{03BD8896-C9DD-47D9-A3AB-23648C1DE5DA}.Debug|Any CPU.Build.0 = Debug|Any CPU
		{03BD8896-C9DD-47D9-A3AB-23648C1DE5DA}.Release|Any CPU.ActiveCfg = Release|Any CPU
		{03BD8896-C9DD-47D9-A3AB-23648C1DE5DA}.Release|Any CPU.Build.0 = Release|Any CPU
	EndGlobalSection
EndGlobal
